
Microsoft Visual Studio Solution File, Format Version 12.00
# Visual Studio Version 17
VisualStudioVersion = 17.8.34330.188
MinimumVisualStudioVersion = 10.0.40219.1
Project("{FAE04EC0-301F-11D3-BF4B-00C04F79EFBC}") = "ChallengeApp", "ChallengeApp\ChallengeApp.csproj", "{D2E8313B-B852-4337-86CE-BCD7024C942C}"
EndProject
Global
	GlobalSection(SolutionConfigurationPlatforms) = preSolution
		Debug|Any CPU = Debug|Any CPU
		Release|Any CPU = Release|Any CPU
	EndGlobalSection
	GlobalSection(ProjectConfigurationPlatforms) = postSolution
		{D2E8313B-B852-4337-86CE-BCD7024C942C}.Debug|Any CPU.ActiveCfg = Debug|Any CPU
		{D2E8313B-B852-4337-86CE-BCD7024C942C}.Debug|Any CPU.Build.0 = Debug|Any CPU
		{D2E8313B-B852-4337-86CE-BCD7024C942C}.Release|Any CPU.ActiveCfg = Release|Any CPU
		{D2E8313B-B852-4337-86CE-BCD7024C942C}.Release|Any CPU.Build.0 = Release|Any CPU
	EndGlobalSection
	GlobalSection(SolutionProperties) = preSolution
		HideSolutionNode = FALSE
	EndGlobalSection
	GlobalSection(ExtensibilityGlobals) = postSolution
		SolutionGuid = {FD27208C-9B2D-4CA9-96F4-14C6BEF74B5C}
	EndGlobalSection
EndGlobal
